
Microsoft Visual Studio Solution File, Format Version 12.00
# Visual Studio 15
VisualStudioVersion = 15.0.28010.2036
MinimumVisualStudioVersion = 10.0.40219.1
Project("{FAE04EC0-301F-11D3-BF4B-00C04F79EFBC}") = "Roulette", "Roulette\Roulette.csproj", "{D0CF57A6-4448-425D-9C53-34D48B456D08}"
EndProject
Global
	GlobalSection(SolutionConfigurationPlatforms) = preSolution
		Debug|Any CPU = Debug|Any CPU
		Release|Any CPU = Release|Any CPU
	EndGlobalSection
	GlobalSection(ProjectConfigurationPlatforms) = postSolution
		{D0CF57A6-4448-425D-9C53-34D48B456D08}.Debug|Any CPU.ActiveCfg = Debug|Any CPU
		{D0CF57A6-4448-425D-9C53-34D48B456D08}.Debug|Any CPU.Build.0 = Debug|Any CPU
		{D0CF57A6-4448-425D-9C53-34D48B456D08}.Release|Any CPU.ActiveCfg = Release|Any CPU
		{D0CF57A6-4448-425D-9C53-34D48B456D08}.Release|Any CPU.Build.0 = Release|Any CPU
	EndGlobalSection
	GlobalSection(SolutionProperties) = preSolution
		HideSolutionNode = FALSE
	EndGlobalSection
	GlobalSection(ExtensibilityGlobals) = postSolution
		SolutionGuid = {4B311933-B5CB-41DB-A7DD-A6FEE83FC09E}
	EndGlobalSection
EndGlobal
